
Microsoft Visual Studio Solution File, Format Version 12.00
# Visual Studio Version 17
VisualStudioVersion = 17.9.34728.123
MinimumVisualStudioVersion = 10.0.40219.1
Project("{FAE04EC0-301F-11D3-BF4B-00C04F79EFBC}") = "lab04", "lab04\lab04.csproj", "{5D5FFAB9-46E4-4BA6-B9C4-74C4FB74ED70}"
EndProject
Global
	GlobalSection(SolutionConfigurationPlatforms) = preSolution
		Debug|Any CPU = Debug|Any CPU
		Release|Any CPU = Release|Any CPU
	EndGlobalSection
	GlobalSection(ProjectConfigurationPlatforms) = postSolution
		{5D5FFAB9-46E4-4BA6-B9C4-74C4FB74ED70}.Debug|Any CPU.ActiveCfg = Debug|Any CPU
		{5D5FFAB9-46E4-4BA6-B9C4-74C4FB74ED70}.Debug|Any CPU.Build.0 = Debug|Any CPU
		{5D5FFAB9-46E4-4BA6-B9C4-74C4FB74ED70}.Release|Any CPU.ActiveCfg = Release|Any CPU
		{5D5FFAB9-46E4-4BA6-B9C4-74C4FB74ED70}.Release|Any CPU.Build.0 = Release|Any CPU
	EndGlobalSection
	GlobalSection(SolutionProperties) = preSolution
		HideSolutionNode = FALSE
	EndGlobalSection
	GlobalSection(ExtensibilityGlobals) = postSolution
		SolutionGuid = {DDE4BABE-B0C4-4C55-9DE7-935B7D4F15FF}
	EndGlobalSection
EndGlobal
