
Microsoft Visual Studio Solution File, Format Version 12.00
# Visual Studio Version 17
VisualStudioVersion = 17.8.34525.116
MinimumVisualStudioVersion = 10.0.40219.1
Project("{FAE04EC0-301F-11D3-BF4B-00C04F79EFBC}") = "lab02", "lab02\lab02.csproj", "{DFBB9472-6FB4-47B8-8E9B-4310612FB25F}"
EndProject
Global
	GlobalSection(SolutionConfigurationPlatforms) = preSolution
		Debug|Any CPU = Debug|Any CPU
		Release|Any CPU = Release|Any CPU
	EndGlobalSection
	GlobalSection(ProjectConfigurationPlatforms) = postSolution
		{DFBB9472-6FB4-47B8-8E9B-4310612FB25F}.Debug|Any CPU.ActiveCfg = Debug|Any CPU
		{DFBB9472-6FB4-47B8-8E9B-4310612FB25F}.Debug|Any CPU.Build.0 = Debug|Any CPU
		{DFBB9472-6FB4-47B8-8E9B-4310612FB25F}.Release|Any CPU.ActiveCfg = Release|Any CPU
		{DFBB9472-6FB4-47B8-8E9B-4310612FB25F}.Release|Any CPU.Build.0 = Release|Any CPU
	EndGlobalSection
	GlobalSection(SolutionProperties) = preSolution
		HideSolutionNode = FALSE
	EndGlobalSection
	GlobalSection(ExtensibilityGlobals) = postSolution
		SolutionGuid = {45F26EF7-1B5B-45CA-B084-9E6E8800ED55}
	EndGlobalSection
EndGlobal
